
Microsoft Visual Studio Solution File, Format Version 12.00
# Visual Studio Version 16
VisualStudioVersion = 16.0.31911.196
MinimumVisualStudioVersion = 10.0.40219.1
Project("{FAE04EC0-301F-11D3-BF4B-00C04F79EFBC}") = "FavelaDelivery", "FavelaDelivery.csproj", "{01E35A68-60BC-4D64-85A7-E73C8937C028}"
EndProject
Global
	GlobalSection(SolutionConfigurationPlatforms) = preSolution
		Debug|Any CPU = Debug|Any CPU
		Release|Any CPU = Release|Any CPU
	EndGlobalSection
	GlobalSection(ProjectConfigurationPlatforms) = postSolution
		{01E35A68-60BC-4D64-85A7-E73C8937C028}.Debug|Any CPU.ActiveCfg = Debug|Any CPU
		{01E35A68-60BC-4D64-85A7-E73C8937C028}.Debug|Any CPU.Build.0 = Debug|Any CPU
		{01E35A68-60BC-4D64-85A7-E73C8937C028}.Release|Any CPU.ActiveCfg = Release|Any CPU
		{01E35A68-60BC-4D64-85A7-E73C8937C028}.Release|Any CPU.Build.0 = Release|Any CPU
	EndGlobalSection
	GlobalSection(SolutionProperties) = preSolution
		HideSolutionNode = FALSE
	EndGlobalSection
	GlobalSection(ExtensibilityGlobals) = postSolution
		SolutionGuid = {120CA461-D87E-407C-BEE2-EA2448E04815}
	EndGlobalSection
EndGlobal
